
Microsoft Visual Studio Solution File, Format Version 12.00
# Visual Studio Version 16
VisualStudioVersion = 16.0.30114.105
MinimumVisualStudioVersion = 10.0.40219.1
Project("{FAE04EC0-301F-11D3-BF4B-00C04F79EFBC}") = "BlogPessoal.Web", "BlogPessoal.Web\BlogPessoal.Web.csproj", "{469BA3AB-0BC3-49A0-9306-74B7CCED4E81}"
EndProject
Project("{FAE04EC0-301F-11D3-BF4B-00C04F79EFBC}") = "BlogPessoal.Tests", "BlogPessoal.Tests\BlogPessoal.Tests.csproj", "{F9F324A4-332C-4022-B0D1-F8AF0A3839E0}"
EndProject
Global
	GlobalSection(SolutionConfigurationPlatforms) = preSolution
		Debug|Any CPU = Debug|Any CPU
		Release|Any CPU = Release|Any CPU
	EndGlobalSection
	GlobalSection(ProjectConfigurationPlatforms) = postSolution
		{469BA3AB-0BC3-49A0-9306-74B7CCED4E81}.Debug|Any CPU.ActiveCfg = Debug|Any CPU
		{469BA3AB-0BC3-49A0-9306-74B7CCED4E81}.Debug|Any CPU.Build.0 = Debug|Any CPU
		{469BA3AB-0BC3-49A0-9306-74B7CCED4E81}.Release|Any CPU.ActiveCfg = Release|Any CPU
		{469BA3AB-0BC3-49A0-9306-74B7CCED4E81}.Release|Any CPU.Build.0 = Release|Any CPU
		{F9F324A4-332C-4022-B0D1-F8AF0A3839E0}.Debug|Any CPU.ActiveCfg = Debug|Any CPU
		{F9F324A4-332C-4022-B0D1-F8AF0A3839E0}.Debug|Any CPU.Build.0 = Debug|Any CPU
		{F9F324A4-332C-4022-B0D1-F8AF0A3839E0}.Release|Any CPU.ActiveCfg = Release|Any CPU
		{F9F324A4-332C-4022-B0D1-F8AF0A3839E0}.Release|Any CPU.Build.0 = Release|Any CPU
	EndGlobalSection
	GlobalSection(SolutionProperties) = preSolution
		HideSolutionNode = FALSE
	EndGlobalSection
	GlobalSection(ExtensibilityGlobals) = postSolution
		SolutionGuid = {14605EAD-CF86-4D20-8555-D77D534FD6AE}
	EndGlobalSection
EndGlobal
